// !$*UTF8*$!
{
	archiveVersion = 1;
	classes = {
	};
	objectVersion = 48;
	objects = {

/* Begin PBXBuildFile section */
		30D8240A1FA59ACB001E946F /* AppDelegate.swift in Sources */ = {isa = PBXBuildFile; fileRef = 30D824091FA59ACB001E946F /* AppDelegate.swift */; };
		30D8240C1FA59ACB001E946F /* ViewController.swift in Sources */ = {isa = PBXBuildFile; fileRef = 30D8240B1FA59ACB001E946F /* ViewController.swift */; };
		30D8240F1FA59ACB001E946F /* Main.storyboard in Resources */ = {isa = PBXBuildFile; fileRef = 30D8240D1FA59ACB001E946F /* Main.storyboard */; };
		30D824111FA59ACB001E946F /* Assets.xcassets in Resources */ = {isa = PBXBuildFile; fileRef = 30D824101FA59ACB001E946F /* Assets.xcassets */; };
		30D824141FA59ACB001E946F /* LaunchScreen.storyboard in Resources */ = {isa = PBXBuildFile; fileRef = 30D824121FA59ACB001E946F /* LaunchScreen.storyboard */; };
/* End PBXBuildFile section */

/* Begin PBXFileReference section */
		30D824061FA59ACA001E946F /* Hostital-Hangout.app */ = {isa = PBXFileReference; explicitFileType = wrapper.application; includeInIndex = 0; path = "Hostital-Hangout.app"; sourceTree = BUILT_PRODUCTS_DIR; };
		30D824091FA59ACB001E946F /* AppDelegate.swift */ = {isa = PBXFileReference; lastKnownFileType = sourcecode.swift; path = AppDelegate.swift; sourceTree = "<group>"; };
		30D8240B1FA59ACB001E946F /* ViewController.swift */ = {isa = PBXFileReference; lastKnownFileType = sourcecode.swift; path = ViewController.swift; sourceTree = "<group>"; };
		30D8240E1FA59ACB001E946F /* Base */ = {isa = PBXFileReference; lastKnownFileType = file.storyboard; name = Base; path = Base.lproj/Main.storyboard; sourceTree = "<group>"; };
		30D824101FA59ACB001E946F /* Assets.xcassets */ = {isa = PBXFileReference; lastKnownFileType = folder.assetcatalog; path = Assets.xcassets; sourceTree = "<group>"; };
		30D824131FA59ACB001E946F /* Base */ = {isa = PBXFileReference; lastKnownFileType = file.storyboard; name = Base; path = Base.lproj/LaunchScreen.storyboard; sourceTree = "<group>"; };
		30D824151FA59ACB001E946F /* Info.plist */ = {isa = PBXFileReference; lastKnownFileType = text.plist.xml; path = Info.plist; sourceTree = "<group>"; };
/* End PBXFileReference section */

/* Begin PBXFrameworksBuildPhase section */
		30D824031FA59ACA001E946F /* Frameworks */ = {
			isa = PBXFrameworksBuildPhase;
			buildActionMask = 2147483647;
			files = (
			);
			runOnlyForDeploymentPostprocessing = 0;
		};
/* End PBXFrameworksBuildPhase section */

/* Begin PBXGroup section */
		30D823FD1FA59ACA001E946F = {
			isa = PBXGroup;
			children = (
				30D824081FA59ACA001E946F /* Hostital-Hangout */,
				30D824071FA59ACA001E946F /* Products */,
			);
			sourceTree = "<group>";
		};
		30D824071FA59ACA001E946F /* Products */ = {
			isa = PBXGroup;
			children = (
				30D824061FA59ACA001E946F /* Hostital-Hangout.app */,
			);
			name = Products;
			sourceTree = "<group>";
		};
		30D824081FA59ACA001E946F /* Hostital-Hangout */ = {
			isa = PBXGroup;
			children = (
				30D824091FA59ACB001E946F /* AppDelegate.swift */,
				30D8240B1FA59ACB001E946F /* ViewController.swift */,
				30D8240D1FA59ACB001E946F /* Main.storyboard */,
				30D824101FA59ACB001E946F /* Assets.xcassets */,
				30D824121FA59ACB001E946F /* LaunchScreen.storyboard */,
				30D824151FA59ACB001E946F /* Info.plist */,
			);
			path = "Hostital-Hangout";
			sourceTree = "<group>";
		};
/* End PBXGroup section */

/* Begin PBXNativeTarget section */
		30D824051FA59ACA001E946F /* Hostital-Hangout */ = {
			isa = PBXNativeTarget;
			buildConfigurationList = 30D824181FA59ACB001E946F /* Build configuration list for PBXNativeTarget "Hostital-Hangout" */;
			buildPhases = (
				30D824021FA59ACA001E946F /* Sources */,
				30D824031FA59ACA001E946F /* Frameworks */,
				30D824041FA59ACA001E946F /* Resources */,
			);
			buildRules = (
			);
			dependencies = (
			);
			name = "Hostital-Hangout";
			productName = "Hostital-Hangout";
			productReference = 30D824061FA59ACA001E946F /* Hostital-Hangout.app */;
			productType = "com.apple.product-type.application";
		};
/* End PBXNativeTarget section */

/* Begin PBXProject section */
		30D823FE1FA59ACA001E946F /* Project object */ = {
			isa = PBXProject;
			attributes = {
				LastSwiftUpdateCheck = 0900;
				LastUpgradeCheck = 0900;
				ORGANIZATIONNAME = "Aryeh Greenberg";
				TargetAttributes = {
					30D824051FA59ACA001E946F = {
						CreatedOnToolsVersion = 9.0.1;
						ProvisioningStyle = Automatic;
					};
				};
			};
			buildConfigurationList = 30D824011FA59ACA001E946F /* Build configuration list for PBXProject "Hostital-Hangout" */;
			compatibilityVersion = "Xcode 8.0";
			developmentRegion = en;
			hasScannedForEncodings = 0;
			knownRegions = (
				en,
				Base,
			);
			mainGroup = 30D823FD1FA59ACA001E946F;
			productRefGroup = 30D824071FA59ACA001E946F /* Products */;
			projectDirPath = "";
			projectRoot = "";
			targets = (
				30D824051FA59ACA001E946F /* Hostital-Hangout */,
			);
		};
/* End PBXProject section */

/* Begin PBXResourcesBuildPhase section */
		30D824041FA59ACA001E946F /* Resources */ = {
			isa = PBXResourcesBuildPhase;
			buildActionMask = 2147483647;
			files = (
				30D824141FA59ACB001E946F /* LaunchScreen.storyboard in Resources */,
				30D824111FA59ACB001E946F /* Assets.xcassets in Resources */,
				30D8240F1FA59ACB001E946F /* Main.storyboard in Resources */,
			);
			runOnlyForDeploymentPostprocessing = 0;
		};
/* End PBXResourcesBuildPhase section */

/* Begin PBXSourcesBuildPhase section */
		30D824021FA59ACA001E946F /* Sources */ = {
			isa = PBXSourcesBuildPhase;
			buildActionMask = 2147483647;
			files = (
				30D8240C1FA59ACB001E946F /* ViewController.swift in Sources */,
				30D8240A1FA59ACB001E946F /* AppDelegate.swift in Sources */,
			);
			runOnlyForDeploymentPostprocessing = 0;
		};
/* End PBXSourcesBuildPhase section */

/* Begin PBXVariantGroup section */
		30D8240D1FA59ACB001E946F /* Main.storyboard */ = {
			isa = PBXVariantGroup;
			children = (
				30D8240E1FA59ACB001E946F /* Base */,
			);
			name = Main.storyboard;
			sourceTree = "<group>";
		};
		30D824121FA59ACB001E946F /* LaunchScreen.storyboard */ = {
			isa = PBXVariantGroup;
			children = (
				30D824131FA59ACB001E946F /* Base */,
			);
			name = LaunchScreen.storyboard;
			sourceTree = "<group>";
		};
/* End PBXVariantGroup section */

/* Begin XCBuildConfiguration section */
		30D824161FA59ACB001E946F /* Debug */ = {
			isa = XCBuildConfiguration;
			buildSettings = {
				ALWAYS_SEARCH_USER_PATHS = NO;
				CLANG_ANALYZER_NONNULL = YES;
				CLANG_ANALYZER_NUMBER_OBJECT_CONVERSION = YES_AGGRESSIVE;
				CLANG_CXX_LANGUAGE_STANDARD = "gnu++14";
				CLANG_CXX_LIBRARY = "libc++";
				CLANG_ENABLE_MODULES = YES;
				CLANG_ENABLE_OBJC_ARC = YES;
				CLANG_WARN_BLOCK_CAPTURE_AUTORELEASING = YES;
				CLANG_WARN_BOOL_CONVERSION = YES;
				CLANG_WARN_COMMA = YES;
				CLANG_WARN_CONSTANT_CONVERSION = YES;
				CLANG_WARN_DIRECT_OBJC_ISA_USAGE = YES_ERROR;
				CLANG_WARN_DOCUMENTATION_COMMENTS = YES;
				CLANG_WARN_EMPTY_BODY = YES;
				CLANG_WARN_ENUM_CONVERSION = YES;
				CLANG_WARN_INFINITE_RECURSION = YES;
				CLANG_WARN_INT_CONVERSION = YES;
				CLANG_WARN_NON_LITERAL_NULL_CONVERSION = YES;
				CLANG_WARN_OBJC_LITERAL_CONVERSION = YES;
				CLANG_WARN_OBJC_ROOT_CLASS = YES_ERROR;
				CLANG_WARN_RANGE_LOOP_ANALYSIS = YES;
				CLANG_WARN_STRICT_PROTOTYPES = YES;
				CLANG_WARN_SUSPICIOUS_MOVE = YES;
				CLANG_WARN_UNGUARDED_AVAILABILITY = YES_AGGRESSIVE;
				CLANG_WARN_UNREACHABLE_CODE = YES;
				CLANG_WARN__DUPLICATE_METHOD_MATCH = YES;
				CODE_SIGN_IDENTITY = "iPhone Developer";
				COPY_PHASE_STRIP = NO;
				DEBUG_INFORMATION_FORMAT = dwarf;
				ENABLE_STRICT_OBJC_MSGSEND = YES;
				ENABLE_TESTABILITY = YES;
				GCC_C_LANGUAGE_STANDARD = gnu11;
				GCC_DYNAMIC_NO_PIC = NO;
				GCC_NO_COMMON_BLOCKS = YES;
				GCC_OPTIMIZATION_LEVEL = 0;
				GCC_PREPROCESSOR_DEFINITIONS = (
					"DEBUG=1",
					"$(inherited)",
				);
				GCC_WARN_64_TO_32_BIT_CONVERSION = YES;
				GCC_WARN_ABOUT_RETURN_TYPE = YES_ERROR;
				GCC_WARN_UNDECLARED_SELECTOR = YES;
				GCC_WARN_UNINITIALIZED_AUTOS = YES_AGGRESSIVE;
				GCC_WARN_UNUSED_FUNCTION = YES;
				GCC_WARN_UNUSED_VARIABLE = YES;
				IPHONEOS_DEPLOYMENT_TARGET = 11.0;
				MTL_ENABLE_DEBUG_INFO = YES;
				ONLY_ACTIVE_ARCH = YES;
				SDKROOT = iphoneos;
				SWIFT_ACTIVE_COMPILATION_CONDITIONS = DEBUG;
				SWIFT_OPTIMIZATION_LEVEL = "-Onone";
			};
			name = Debug;
		};
		30D824171FA59ACB001E946F /* Release */ = {
			isa = XCBuildConfiguration;
			buildSettings = {
				ALWAYS_SEARCH_USER_PATHS = NO;
				CLANG_ANALYZER_NONNULL = YES;
				CLANG_ANALYZER_NUMBER_OBJECT_CONVERSION = YES_AGGRESSIVE;
				CLANG_CXX_LANGUAGE_STANDARD = "gnu++14";
				CLANG_CXX_LIBRARY = "libc++";
				CLANG_ENABLE_MODULES = YES;
				CLANG_ENABLE_OBJC_ARC = YES;
				CLANG_WARN_BLOCK_CAPTURE_AUTORELEASING = YES;
				CLANG_WARN_BOOL_CONVERSION = YES;
				CLANG_WARN_COMMA = YES;
				CLANG_WARN_CONSTANT_CONVERSION = YES;
				CLANG_WARN_DIRECT_OBJC_ISA_USAGE = YES_ERROR;
				CLANG_WARN_DOCUMENTATION_COMMENTS = YES;
				CLANG_WARN_EMPTY_BODY = YES;
				CLANG_WARN_ENUM_CONVERSION = YES;
				CLANG_WARN_INFINITE_RECURSION = YES;
				CLANG_WARN_INT_CONVERSION = YES;
				CLANG_WARN_NON_LITERAL_NULL_CONVERSION = YES;
				CLANG_WARN_OBJC_LITERAL_CONVERSION = YES;
				CLANG_WARN_OBJC_ROOT_CLASS = YES_ERROR;
				CLANG_WARN_RANGE_LOOP_ANALYSIS = YES;
				CLANG_WARN_STRICT_PROTOTYPES = YES;
				CLANG_WARN_SUSPICIOUS_MOVE = YES;
				CLANG_WARN_UNGUARDED_AVAILABILITY = YES_AGGRESSIVE;
				CLANG_WARN_UNREACHABLE_CODE = YES;
				CLANG_WARN__DUPLICATE_METHOD_MATCH = YES;
				CODE_SIGN_IDENTITY = "iPhone Developer";
				COPY_PHASE_STRIP = NO;
				DEBUG_INFORMATION_FORMAT = "dwarf-with-dsym";
				ENABLE_NS_ASSERTIONS = NO;
				ENABLE_STRICT_OBJC_MSGSEND = YES;
				GCC_C_LANGUAGE_STANDARD = gnu11;
				GCC_NO_COMMON_BLOCKS = YES;
				GCC_WARN_64_TO_32_BIT_CONVERSION = YES;
				GCC_WARN_ABOUT_RETURN_TYPE = YES_ERROR;
				GCC_WARN_UNDECLARED_SELECTOR = YES;
				GCC_WARN_UNINITIALIZED_AUTOS = YES_AGGRESSIVE;
				GCC_WARN_UNUSED_FUNCTION = YES;
				GCC_WARN_UNUSED_VARIABLE = YES;
				IPHONEOS_DEPLOYMENT_TARGET = 11.0;
				MTL_ENABLE_DEBUG_INFO = NO;
				SDKROOT = iphoneos;
				SWIFT_OPTIMIZATION_LEVEL = "-Owholemodule";
				VALIDATE_PRODUCT = YES;
			};
			name = Release;
		};
		30D824191FA59ACB001E946F /* Debug */ = {
			isa = XCBuildConfiguration;
			buildSettings = {
				ASSETCATALOG_COMPILER_APPICON_NAME = AppIcon;
				CODE_SIGN_STYLE = Automatic;
				DEVELOPMENT_TEAM = 38LY6EZ4D5;
				INFOPLIST_FILE = "Hostital-Hangout/Info.plist";
				LD_RUNPATH_SEARCH_PATHS = "$(inherited) @executable_path/Frameworks";
				PRODUCT_BUNDLE_IDENTIFIER = "com.AGApps.Hostital-Hangout";
				PRODUCT_NAME = "$(TARGET_NAME)";
				SWIFT_VERSION = 4.0;
				TARGETED_DEVICE_FAMILY = "1,2";
			};
			name = Debug;
		};
		30D8241A1FA59ACB001E946F /* Release */ = {
			isa = XCBuildConfiguration;
			buildSettings = {
				ASSETCATALOG_COMPILER_APPICON_NAME = AppIcon;
				CODE_SIGN_STYLE = Automatic;
				DEVELOPMENT_TEAM = 38LY6EZ4D5;
				INFOPLIST_FILE = "Hostital-Hangout/Info.plist";
				LD_RUNPATH_SEARCH_PATHS = "$(inherited) @executable_path/Frameworks";
				PRODUCT_BUNDLE_IDENTIFIER = "com.AGApps.Hostital-Hangout";
				PRODUCT_NAME = "$(TARGET_NAME)";
				SWIFT_VERSION = 4.0;
				TARGETED_DEVICE_FAMILY = "1,2";
			};
			name = Release;
		};
/* End XCBuildConfiguration section */

/* Begin XCConfigurationList section */
		30D824011FA59ACA001E946F /* Build configuration list for PBXProject "Hostital-Hangout" */ = {
			isa = XCConfigurationList;
			buildConfigurations = (
				30D824161FA59ACB001E946F /* Debug */,
				30D824171FA59ACB001E946F /* Release */,
			);
			defaultConfigurationIsVisible = 0;
			defaultConfigurationName = Release;
		};
		30D824181FA59ACB001E946F /* Build configuration list for PBXNativeTarget "Hostital-Hangout" */ = {
			isa = XCConfigurationList;
			buildConfigurations = (
				30D824191FA59ACB001E946F /* Debug */,
				30D8241A1FA59ACB001E946F /* Release */,
			);
			defaultConfigurationIsVisible = 0;
			defaultConfigurationName = Release;
		};
/* End XCConfigurationList section */
	};
	rootObject = 30D823FE1FA59ACA001E946F /* Project object */;
}
